
Microsoft Visual Studio Solution File, Format Version 12.00
# Visual Studio Version 17
VisualStudioVersion = 17.7.34031.279
MinimumVisualStudioVersion = 10.0.40219.1
Project("{FAE04EC0-301F-11D3-BF4B-00C04F79EFBC}") = "Phase4EndProject", "Phase4EndProject\Phase4EndProject.csproj", "{E08C6CB4-508D-4834-9F1F-C0B38BB9F9F9}"
EndProject
Project("{FAE04EC0-301F-11D3-BF4B-00C04F79EFBC}") = "NUnitTestProject", "NUnitTestProject\NUnitTestProject.csproj", "{1DEDEEE9-D9C1-4CEB-A00E-1992C67728CD}"
EndProject
Global
	GlobalSection(SolutionConfigurationPlatforms) = preSolution
		Debug|Any CPU = Debug|Any CPU
		Release|Any CPU = Release|Any CPU
	EndGlobalSection
	GlobalSection(ProjectConfigurationPlatforms) = postSolution
		{E08C6CB4-508D-4834-9F1F-C0B38BB9F9F9}.Debug|Any CPU.ActiveCfg = Debug|Any CPU
		{E08C6CB4-508D-4834-9F1F-C0B38BB9F9F9}.Debug|Any CPU.Build.0 = Debug|Any CPU
		{E08C6CB4-508D-4834-9F1F-C0B38BB9F9F9}.Release|Any CPU.ActiveCfg = Release|Any CPU
		{E08C6CB4-508D-4834-9F1F-C0B38BB9F9F9}.Release|Any CPU.Build.0 = Release|Any CPU
		{1DEDEEE9-D9C1-4CEB-A00E-1992C67728CD}.Debug|Any CPU.ActiveCfg = Debug|Any CPU
		{1DEDEEE9-D9C1-4CEB-A00E-1992C67728CD}.Debug|Any CPU.Build.0 = Debug|Any CPU
		{1DEDEEE9-D9C1-4CEB-A00E-1992C67728CD}.Release|Any CPU.ActiveCfg = Release|Any CPU
		{1DEDEEE9-D9C1-4CEB-A00E-1992C67728CD}.Release|Any CPU.Build.0 = Release|Any CPU
	EndGlobalSection
	GlobalSection(SolutionProperties) = preSolution
		HideSolutionNode = FALSE
	EndGlobalSection
	GlobalSection(ExtensibilityGlobals) = postSolution
		SolutionGuid = {A17FC9B0-0C91-479B-9735-9D4B04F7D032}
	EndGlobalSection
EndGlobal
